// !$*UTF8*$!
{
	archiveVersion = 1;
	classes = {
	};
	objectVersion = 50;
	objects = {

/* Begin PBXBuildFile section */
		330CA5B5230EA7DB00037B1F /* UIViewExtension.swift in Sources */ = {isa = PBXBuildFile; fileRef = 330CA5B4230EA7DB00037B1F /* UIViewExtension.swift */; };
		3313DC6B22CCBB8F00CD940A /* LoadManagerTests.swift in Sources */ = {isa = PBXBuildFile; fileRef = 3313DC6A22CCBB8F00CD940A /* LoadManagerTests.swift */; };
		332ED2A6230578C000710501 /* Parse.swift in Sources */ = {isa = PBXBuildFile; fileRef = 332ED2A5230578C000710501 /* Parse.swift */; };
		33360F94228720D000702A39 /* PersistenceService.swift in Sources */ = {isa = PBXBuildFile; fileRef = 33360F93228720D000702A39 /* PersistenceService.swift */; };
		33360F962287245200702A39 /* NetworkManager.swift in Sources */ = {isa = PBXBuildFile; fileRef = 33360F952287245200702A39 /* NetworkManager.swift */; };
		33360FB622872B3300702A39 /* Posts+CoreDataClass.swift in Sources */ = {isa = PBXBuildFile; fileRef = 33360FB422872B3300702A39 /* Posts+CoreDataClass.swift */; };
		33360FB722872B3300702A39 /* Posts+CoreDataProperties.swift in Sources */ = {isa = PBXBuildFile; fileRef = 33360FB522872B3300702A39 /* Posts+CoreDataProperties.swift */; };
		33360FBB22872B7400702A39 /* Comment+CoreDataClass.swift in Sources */ = {isa = PBXBuildFile; fileRef = 33360FB922872B7400702A39 /* Comment+CoreDataClass.swift */; };
		33360FBC22872B7400702A39 /* Comment+CoreDataProperties.swift in Sources */ = {isa = PBXBuildFile; fileRef = 33360FBA22872B7400702A39 /* Comment+CoreDataProperties.swift */; };
		33360FBF22872BA300702A39 /* Author+CoreDataClass.swift in Sources */ = {isa = PBXBuildFile; fileRef = 33360FBD22872BA300702A39 /* Author+CoreDataClass.swift */; };
		33360FC022872BA300702A39 /* Author+CoreDataProperties.swift in Sources */ = {isa = PBXBuildFile; fileRef = 33360FBE22872BA300702A39 /* Author+CoreDataProperties.swift */; };
		33360FC22288A65D00702A39 /* LoadManager.swift in Sources */ = {isa = PBXBuildFile; fileRef = 33360FC12288A65D00702A39 /* LoadManager.swift */; };
		333FAB7022F4BDC800AA3882 /* MainCoordinatorTests.swift in Sources */ = {isa = PBXBuildFile; fileRef = 333FAB6F22F4BDC800AA3882 /* MainCoordinatorTests.swift */; };
		333FAB7222F9C11D00AA3882 /* ErrorViewControllerTests.swift in Sources */ = {isa = PBXBuildFile; fileRef = 333FAB7122F9C11D00AA3882 /* ErrorViewControllerTests.swift */; };
		333FAB7422FB16FC00AA3882 /* LoadingViewControllerTests.swift in Sources */ = {isa = PBXBuildFile; fileRef = 333FAB7322FB16FC00AA3882 /* LoadingViewControllerTests.swift */; };
		333FAB7622FB26B800AA3882 /* ContentStateViewControllerTests.swift in Sources */ = {isa = PBXBuildFile; fileRef = 333FAB7522FB26B800AA3882 /* ContentStateViewControllerTests.swift */; };
		33538EAD230D53DC00CA0D2B /* String Extension.swift in Sources */ = {isa = PBXBuildFile; fileRef = 33538EAC230D53DC00CA0D2B /* String Extension.swift */; };
		3375C1C4228570590087E5F1 /* ParseTests.swift in Sources */ = {isa = PBXBuildFile; fileRef = 3375C1C3228570590087E5F1 /* ParseTests.swift */; };
		3375C1C6228570CB0087E5F1 /* Default-568h@2x.png in Resources */ = {isa = PBXBuildFile; fileRef = 3375C1C5228570CB0087E5F1 /* Default-568h@2x.png */; };
		3375C1C82285994A0087E5F1 /* LoadingViewController.swift in Sources */ = {isa = PBXBuildFile; fileRef = 3375C1C72285994A0087E5F1 /* LoadingViewController.swift */; };
		3375C1CA22859A1B0087E5F1 /* ContentStateViewController.swift in Sources */ = {isa = PBXBuildFile; fileRef = 3375C1C922859A1B0087E5F1 /* ContentStateViewController.swift */; };
		3375C1CD22859D140087E5F1 /* ErrorViewController.swift in Sources */ = {isa = PBXBuildFile; fileRef = 3375C1CC22859D140087E5F1 /* ErrorViewController.swift */; };
		3375C1D022859EFA0087E5F1 /* ArrayExtension.swift in Sources */ = {isa = PBXBuildFile; fileRef = 3375C1CF22859EFA0087E5F1 /* ArrayExtension.swift */; };
		3375C1D22285B67B0087E5F1 /* PostsViewModel.swift in Sources */ = {isa = PBXBuildFile; fileRef = 3375C1D12285B67B0087E5F1 /* PostsViewModel.swift */; };
		3375C1D62285E8BE0087E5F1 /* CollectionViewCell.swift in Sources */ = {isa = PBXBuildFile; fileRef = 3375C1D42285E8BE0087E5F1 /* CollectionViewCell.swift */; };
		3375C1D72285E8BE0087E5F1 /* CollectionViewCell.xib in Resources */ = {isa = PBXBuildFile; fileRef = 3375C1D52285E8BE0087E5F1 /* CollectionViewCell.xib */; };
		337CE23E22DF6404003CA06A /* ContentStateViewModelTests.swift in Sources */ = {isa = PBXBuildFile; fileRef = 337CE23D22DF6404003CA06A /* ContentStateViewModelTests.swift */; };
		337CE24222E22C9F003CA06A /* PostsViewModelTests.swift in Sources */ = {isa = PBXBuildFile; fileRef = 337CE24122E22C9F003CA06A /* PostsViewModelTests.swift */; };
		33856CEF2289E99B00A9881D /* NetworkManagerTests.swift in Sources */ = {isa = PBXBuildFile; fileRef = 33856CEE2289E99B00A9881D /* NetworkManagerTests.swift */; };
		33856CF32289F02000A9881D /* MockAPI.swift in Sources */ = {isa = PBXBuildFile; fileRef = 33856CF22289F02000A9881D /* MockAPI.swift */; };
		33A97289229443EC0021BBD4 /* ContentStateViewModel.swift in Sources */ = {isa = PBXBuildFile; fileRef = 33A97288229443EC0021BBD4 /* ContentStateViewModel.swift */; };
		33DE3C2F22856CCE006E5617 /* AppDelegate.swift in Sources */ = {isa = PBXBuildFile; fileRef = 33DE3C2E22856CCE006E5617 /* AppDelegate.swift */; };
		33DE3C3122856CCE006E5617 /* PostsViewController.swift in Sources */ = {isa = PBXBuildFile; fileRef = 33DE3C3022856CCE006E5617 /* PostsViewController.swift */; };
		33DE3C3422856CCE006E5617 /* Main.storyboard in Resources */ = {isa = PBXBuildFile; fileRef = 33DE3C3222856CCE006E5617 /* Main.storyboard */; };
		33DE3C3722856CCE006E5617 /* BabylonDemoProject.xcdatamodeld in Sources */ = {isa = PBXBuildFile; fileRef = 33DE3C3522856CCE006E5617 /* BabylonDemoProject.xcdatamodeld */; };
		33DE3C3922856CCF006E5617 /* Assets.xcassets in Resources */ = {isa = PBXBuildFile; fileRef = 33DE3C3822856CCF006E5617 /* Assets.xcassets */; };
		33DE3C3C22856CCF006E5617 /* LaunchScreen.storyboard in Resources */ = {isa = PBXBuildFile; fileRef = 33DE3C3A22856CCF006E5617 /* LaunchScreen.storyboard */; };
		33DE3C5A22856DBE006E5617 /* APIRequest.swift in Sources */ = {isa = PBXBuildFile; fileRef = 33DE3C5522856DBE006E5617 /* APIRequest.swift */; };
		33DE3C5B22856DBE006E5617 /* Model.swift in Sources */ = {isa = PBXBuildFile; fileRef = 33DE3C5622856DBE006E5617 /* Model.swift */; };
		33DE3C5C22856DBE006E5617 /* API.swift in Sources */ = {isa = PBXBuildFile; fileRef = 33DE3C5722856DBE006E5617 /* API.swift */; };
		33DE3C5E22856DBE006E5617 /* URLEndpoint.swift in Sources */ = {isa = PBXBuildFile; fileRef = 33DE3C5922856DBE006E5617 /* URLEndpoint.swift */; };
		33DE3C6322856DD9006E5617 /* DataSourceError.swift in Sources */ = {isa = PBXBuildFile; fileRef = 33DE3C6022856DD9006E5617 /* DataSourceError.swift */; };
		33DE3C6422856DD9006E5617 /* ModelType.swift in Sources */ = {isa = PBXBuildFile; fileRef = 33DE3C6122856DD9006E5617 /* ModelType.swift */; };
		33DE3C6A22856E12006E5617 /* Titles.json in Resources */ = {isa = PBXBuildFile; fileRef = 33DE3C6722856E12006E5617 /* Titles.json */; };
		33DE3C6B22856E12006E5617 /* Comments.json in Resources */ = {isa = PBXBuildFile; fileRef = 33DE3C6822856E12006E5617 /* Comments.json */; };
		33DE3C6C22856E12006E5617 /* Authors.json in Resources */ = {isa = PBXBuildFile; fileRef = 33DE3C6922856E12006E5617 /* Authors.json */; };
		33E4B01122C8FAA6003F86BA /* TestProperties.swift in Sources */ = {isa = PBXBuildFile; fileRef = 33E4B01022C8FAA6003F86BA /* TestProperties.swift */; };
		33F11B1622C6076400509355 /* StorageManager.swift in Sources */ = {isa = PBXBuildFile; fileRef = 33F11B1522C6076400509355 /* StorageManager.swift */; };
		33F11B1822C64FBF00509355 /* BabylonDemoProject.xcdatamodeld in Sources */ = {isa = PBXBuildFile; fileRef = 33DE3C3522856CCE006E5617 /* BabylonDemoProject.xcdatamodeld */; };
		33F11B1C22C6530700509355 /* StorageManagerTests.swift in Sources */ = {isa = PBXBuildFile; fileRef = 33F11B1B22C6530700509355 /* StorageManagerTests.swift */; };
		33F11B2322C66EE100509355 /* MockPersistentContainer.swift in Sources */ = {isa = PBXBuildFile; fileRef = 33F11B2222C66EE100509355 /* MockPersistentContainer.swift */; };
		33F7E7CD228DA2140063B152 /* PostDetailViewController.swift in Sources */ = {isa = PBXBuildFile; fileRef = 33F7E7CC228DA2140063B152 /* PostDetailViewController.swift */; };
		33FEB00222EF22580044F14B /* Coordinator.swift in Sources */ = {isa = PBXBuildFile; fileRef = 33FEB00122EF22580044F14B /* Coordinator.swift */; };
		33FEB00422EF352B0044F14B /* Storyboarded.swift in Sources */ = {isa = PBXBuildFile; fileRef = 33FEB00322EF352B0044F14B /* Storyboarded.swift */; };
		33FEB00622EF385D0044F14B /* MainCoordinator.swift in Sources */ = {isa = PBXBuildFile; fileRef = 33FEB00522EF385D0044F14B /* MainCoordinator.swift */; };
		33FEB01022F222860044F14B /* PostsViewControllerTests.swift in Sources */ = {isa = PBXBuildFile; fileRef = 33FEB00F22F222860044F14B /* PostsViewControllerTests.swift */; };
/* End PBXBuildFile section */

/* Begin PBXContainerItemProxy section */
		33DE3C4322856CCF006E5617 /* PBXContainerItemProxy */ = {
			isa = PBXContainerItemProxy;
			containerPortal = 33DE3C2322856CCE006E5617 /* Project object */;
			proxyType = 1;
			remoteGlobalIDString = 33DE3C2A22856CCE006E5617;
			remoteInfo = BabylonDemoProject;
		};
/* End PBXContainerItemProxy section */

/* Begin PBXFileReference section */
		330CA5B4230EA7DB00037B1F /* UIViewExtension.swift */ = {isa = PBXFileReference; lastKnownFileType = sourcecode.swift; path = UIViewExtension.swift; sourceTree = "<group>"; };
		3313DC6A22CCBB8F00CD940A /* LoadManagerTests.swift */ = {isa = PBXFileReference; lastKnownFileType = sourcecode.swift; path = LoadManagerTests.swift; sourceTree = "<group>"; };
		332ED2A5230578C000710501 /* Parse.swift */ = {isa = PBXFileReference; lastKnownFileType = sourcecode.swift; path = Parse.swift; sourceTree = "<group>"; };
		33360F93228720D000702A39 /* PersistenceService.swift */ = {isa = PBXFileReference; lastKnownFileType = sourcecode.swift; path = PersistenceService.swift; sourceTree = "<group>"; };
		33360F952287245200702A39 /* NetworkManager.swift */ = {isa = PBXFileReference; lastKnownFileType = sourcecode.swift; path = NetworkManager.swift; sourceTree = "<group>"; };
		33360FB422872B3300702A39 /* Posts+CoreDataClass.swift */ = {isa = PBXFileReference; lastKnownFileType = sourcecode.swift; path = "Posts+CoreDataClass.swift"; sourceTree = "<group>"; };
		33360FB522872B3300702A39 /* Posts+CoreDataProperties.swift */ = {isa = PBXFileReference; lastKnownFileType = sourcecode.swift; path = "Posts+CoreDataProperties.swift"; sourceTree = "<group>"; };
		33360FB922872B7400702A39 /* Comment+CoreDataClass.swift */ = {isa = PBXFileReference; lastKnownFileType = sourcecode.swift; path = "Comment+CoreDataClass.swift"; sourceTree = "<group>"; };
		33360FBA22872B7400702A39 /* Comment+CoreDataProperties.swift */ = {isa = PBXFileReference; lastKnownFileType = sourcecode.swift; path = "Comment+CoreDataProperties.swift"; sourceTree = "<group>"; };
		33360FBD22872BA300702A39 /* Author+CoreDataClass.swift */ = {isa = PBXFileReference; lastKnownFileType = sourcecode.swift; path = "Author+CoreDataClass.swift"; sourceTree = "<group>"; };
		33360FBE22872BA300702A39 /* Author+CoreDataProperties.swift */ = {isa = PBXFileReference; lastKnownFileType = sourcecode.swift; path = "Author+CoreDataProperties.swift"; sourceTree = "<group>"; };
		33360FC12288A65D00702A39 /* LoadManager.swift */ = {isa = PBXFileReference; lastKnownFileType = sourcecode.swift; path = LoadManager.swift; sourceTree = "<group>"; };
		333FAB6F22F4BDC800AA3882 /* MainCoordinatorTests.swift */ = {isa = PBXFileReference; lastKnownFileType = sourcecode.swift; path = MainCoordinatorTests.swift; sourceTree = "<group>"; };
		333FAB7122F9C11D00AA3882 /* ErrorViewControllerTests.swift */ = {isa = PBXFileReference; lastKnownFileType = sourcecode.swift; path = ErrorViewControllerTests.swift; sourceTree = "<group>"; };
		333FAB7322FB16FC00AA3882 /* LoadingViewControllerTests.swift */ = {isa = PBXFileReference; lastKnownFileType = sourcecode.swift; path = LoadingViewControllerTests.swift; sourceTree = "<group>"; };
		333FAB7522FB26B800AA3882 /* ContentStateViewControllerTests.swift */ = {isa = PBXFileReference; lastKnownFileType = sourcecode.swift; path = ContentStateViewControllerTests.swift; sourceTree = "<group>"; };
		33538EAC230D53DC00CA0D2B /* String Extension.swift */ = {isa = PBXFileReference; lastKnownFileType = sourcecode.swift; path = "String Extension.swift"; sourceTree = "<group>"; };
		3375C1C3228570590087E5F1 /* ParseTests.swift */ = {isa = PBXFileReference; lastKnownFileType = sourcecode.swift; path = ParseTests.swift; sourceTree = "<group>"; };
		3375C1C5228570CB0087E5F1 /* Default-568h@2x.png */ = {isa = PBXFileReference; lastKnownFileType = image.png; path = "Default-568h@2x.png"; sourceTree = "<group>"; };
		3375C1C72285994A0087E5F1 /* LoadingViewController.swift */ = {isa = PBXFileReference; lastKnownFileType = sourcecode.swift; path = LoadingViewController.swift; sourceTree = "<group>"; };
		3375C1C922859A1B0087E5F1 /* ContentStateViewController.swift */ = {isa = PBXFileReference; lastKnownFileType = sourcecode.swift; path = ContentStateViewController.swift; sourceTree = "<group>"; };
		3375C1CC22859D140087E5F1 /* ErrorViewController.swift */ = {isa = PBXFileReference; lastKnownFileType = sourcecode.swift; path = ErrorViewController.swift; sourceTree = "<group>"; };
		3375C1CF22859EFA0087E5F1 /* ArrayExtension.swift */ = {isa = PBXFileReference; lastKnownFileType = sourcecode.swift; path = ArrayExtension.swift; sourceTree = "<group>"; };
		3375C1D12285B67B0087E5F1 /* PostsViewModel.swift */ = {isa = PBXFileReference; lastKnownFileType = sourcecode.swift; path = PostsViewModel.swift; sourceTree = "<group>"; };
		3375C1D42285E8BE0087E5F1 /* CollectionViewCell.swift */ = {isa = PBXFileReference; lastKnownFileType = sourcecode.swift; path = CollectionViewCell.swift; sourceTree = "<group>"; };
		3375C1D52285E8BE0087E5F1 /* CollectionViewCell.xib */ = {isa = PBXFileReference; lastKnownFileType = file.xib; path = CollectionViewCell.xib; sourceTree = "<group>"; };
		337CE23D22DF6404003CA06A /* ContentStateViewModelTests.swift */ = {isa = PBXFileReference; lastKnownFileType = sourcecode.swift; path = ContentStateViewModelTests.swift; sourceTree = "<group>"; };
		337CE24122E22C9F003CA06A /* PostsViewModelTests.swift */ = {isa = PBXFileReference; lastKnownFileType = sourcecode.swift; path = PostsViewModelTests.swift; sourceTree = "<group>"; };
		33856CEE2289E99B00A9881D /* NetworkManagerTests.swift */ = {isa = PBXFileReference; lastKnownFileType = sourcecode.swift; path = NetworkManagerTests.swift; sourceTree = "<group>"; };
		33856CF22289F02000A9881D /* MockAPI.swift */ = {isa = PBXFileReference; lastKnownFileType = sourcecode.swift; path = MockAPI.swift; sourceTree = "<group>"; };
		33A97288229443EC0021BBD4 /* ContentStateViewModel.swift */ = {isa = PBXFileReference; lastKnownFileType = sourcecode.swift; path = ContentStateViewModel.swift; sourceTree = "<group>"; };
		33DE3C2B22856CCE006E5617 /* BabylonDemoProject.app */ = {isa = PBXFileReference; explicitFileType = wrapper.application; includeInIndex = 0; path = BabylonDemoProject.app; sourceTree = BUILT_PRODUCTS_DIR; };
		33DE3C2E22856CCE006E5617 /* AppDelegate.swift */ = {isa = PBXFileReference; lastKnownFileType = sourcecode.swift; path = AppDelegate.swift; sourceTree = "<group>"; };
		33DE3C3022856CCE006E5617 /* PostsViewController.swift */ = {isa = PBXFileReference; lastKnownFileType = sourcecode.swift; path = PostsViewController.swift; sourceTree = "<group>"; };
		33DE3C3322856CCE006E5617 /* Base */ = {isa = PBXFileReference; lastKnownFileType = file.storyboard; name = Base; path = Base.lproj/Main.storyboard; sourceTree = "<group>"; };
		33DE3C3622856CCE006E5617 /* BabylonDemoProject.xcdatamodel */ = {isa = PBXFileReference; lastKnownFileType = wrapper.xcdatamodel; path = BabylonDemoProject.xcdatamodel; sourceTree = "<group>"; };
		33DE3C3822856CCF006E5617 /* Assets.xcassets */ = {isa = PBXFileReference; lastKnownFileType = folder.assetcatalog; path = Assets.xcassets; sourceTree = "<group>"; };
		33DE3C3B22856CCF006E5617 /* Base */ = {isa = PBXFileReference; lastKnownFileType = file.storyboard; name = Base; path = Base.lproj/LaunchScreen.storyboard; sourceTree = "<group>"; };
		33DE3C3D22856CCF006E5617 /* Info.plist */ = {isa = PBXFileReference; lastKnownFileType = text.plist.xml; path = Info.plist; sourceTree = "<group>"; };
		33DE3C4222856CCF006E5617 /* BabylonDemoProjectTests.xctest */ = {isa = PBXFileReference; explicitFileType = wrapper.cfbundle; includeInIndex = 0; path = BabylonDemoProjectTests.xctest; sourceTree = BUILT_PRODUCTS_DIR; };
		33DE3C4822856CCF006E5617 /* Info.plist */ = {isa = PBXFileReference; lastKnownFileType = text.plist.xml; path = Info.plist; sourceTree = "<group>"; };
		33DE3C5522856DBE006E5617 /* APIRequest.swift */ = {isa = PBXFileReference; fileEncoding = 4; lastKnownFileType = sourcecode.swift; path = APIRequest.swift; sourceTree = "<group>"; };
		33DE3C5622856DBE006E5617 /* Model.swift */ = {isa = PBXFileReference; fileEncoding = 4; lastKnownFileType = sourcecode.swift; path = Model.swift; sourceTree = "<group>"; };
		33DE3C5722856DBE006E5617 /* API.swift */ = {isa = PBXFileReference; fileEncoding = 4; lastKnownFileType = sourcecode.swift; path = API.swift; sourceTree = "<group>"; };
		33DE3C5922856DBE006E5617 /* URLEndpoint.swift */ = {isa = PBXFileReference; fileEncoding = 4; lastKnownFileType = sourcecode.swift; path = URLEndpoint.swift; sourceTree = "<group>"; };
		33DE3C6022856DD9006E5617 /* DataSourceError.swift */ = {isa = PBXFileReference; fileEncoding = 4; lastKnownFileType = sourcecode.swift; path = DataSourceError.swift; sourceTree = "<group>"; };
		33DE3C6122856DD9006E5617 /* ModelType.swift */ = {isa = PBXFileReference; fileEncoding = 4; lastKnownFileType = sourcecode.swift; path = ModelType.swift; sourceTree = "<group>"; };
		33DE3C6722856E12006E5617 /* Titles.json */ = {isa = PBXFileReference; fileEncoding = 4; lastKnownFileType = text.json; path = Titles.json; sourceTree = "<group>"; };
		33DE3C6822856E12006E5617 /* Comments.json */ = {isa = PBXFileReference; fileEncoding = 4; lastKnownFileType = text.json; path = Comments.json; sourceTree = "<group>"; };
		33DE3C6922856E12006E5617 /* Authors.json */ = {isa = PBXFileReference; fileEncoding = 4; lastKnownFileType = text.json; path = Authors.json; sourceTree = "<group>"; };
		33E4B01022C8FAA6003F86BA /* TestProperties.swift */ = {isa = PBXFileReference; lastKnownFileType = sourcecode.swift; path = TestProperties.swift; sourceTree = "<group>"; };
		33F11B1522C6076400509355 /* StorageManager.swift */ = {isa = PBXFileReference; lastKnownFileType = sourcecode.swift; path = StorageManager.swift; sourceTree = "<group>"; };
		33F11B1B22C6530700509355 /* StorageManagerTests.swift */ = {isa = PBXFileReference; lastKnownFileType = sourcecode.swift; path = StorageManagerTests.swift; sourceTree = "<group>"; };
		33F11B2222C66EE100509355 /* MockPersistentContainer.swift */ = {isa = PBXFileReference; lastKnownFileType = sourcecode.swift; path = MockPersistentContainer.swift; sourceTree = "<group>"; };
		33F7E7CC228DA2140063B152 /* PostDetailViewController.swift */ = {isa = PBXFileReference; lastKnownFileType = sourcecode.swift; path = PostDetailViewController.swift; sourceTree = "<group>"; };
		33FEB00122EF22580044F14B /* Coordinator.swift */ = {isa = PBXFileReference; lastKnownFileType = sourcecode.swift; path = Coordinator.swift; sourceTree = "<group>"; };
		33FEB00322EF352B0044F14B /* Storyboarded.swift */ = {isa = PBXFileReference; lastKnownFileType = sourcecode.swift; path = Storyboarded.swift; sourceTree = "<group>"; };
		33FEB00522EF385D0044F14B /* MainCoordinator.swift */ = {isa = PBXFileReference; lastKnownFileType = sourcecode.swift; path = MainCoordinator.swift; sourceTree = "<group>"; };
		33FEB00F22F222860044F14B /* PostsViewControllerTests.swift */ = {isa = PBXFileReference; lastKnownFileType = sourcecode.swift; path = PostsViewControllerTests.swift; sourceTree = "<group>"; };
/* End PBXFileReference section */

/* Begin PBXFrameworksBuildPhase section */
		33DE3C2822856CCE006E5617 /* Frameworks */ = {
			isa = PBXFrameworksBuildPhase;
			buildActionMask = 2147483647;
			files = (
			);
			runOnlyForDeploymentPostprocessing = 0;
		};
		33DE3C3F22856CCF006E5617 /* Frameworks */ = {
			isa = PBXFrameworksBuildPhase;
			buildActionMask = 2147483647;
			files = (
			);
			runOnlyForDeploymentPostprocessing = 0;
		};
/* End PBXFrameworksBuildPhase section */

/* Begin PBXGroup section */
		331240FF2292DAE600F64F92 /* Posts */ = {
			isa = PBXGroup;
			children = (
				3375C1D32285E8520087E5F1 /* PostCell */,
				33DE3C3022856CCE006E5617 /* PostsViewController.swift */,
				3375C1D12285B67B0087E5F1 /* PostsViewModel.swift */,
				33F7E7CC228DA2140063B152 /* PostDetailViewController.swift */,
			);
			path = Posts;
			sourceTree = "<group>";
		};
		331CFE62230331D000C82315 /* ContentState */ = {
			isa = PBXGroup;
			children = (
				3375C1C922859A1B0087E5F1 /* ContentStateViewController.swift */,
				33A97288229443EC0021BBD4 /* ContentStateViewModel.swift */,
				3375C1CC22859D140087E5F1 /* ErrorViewController.swift */,
				3375C1C72285994A0087E5F1 /* LoadingViewController.swift */,
			);
			path = ContentState;
			sourceTree = "<group>";
		};
		33360F922287205B00702A39 /* Persistence */ = {
			isa = PBXGroup;
			children = (
				33DE3C3522856CCE006E5617 /* BabylonDemoProject.xcdatamodeld */,
				33360F93228720D000702A39 /* PersistenceService.swift */,
				33F11B1522C6076400509355 /* StorageManager.swift */,
				33360F952287245200702A39 /* NetworkManager.swift */,
				33360FC12288A65D00702A39 /* LoadManager.swift */,
				33360FB822872B5300702A39 /* Models */,
			);
			path = Persistence;
			sourceTree = "<group>";
		};
		33360FB822872B5300702A39 /* Models */ = {
			isa = PBXGroup;
			children = (
				33360FBD22872BA300702A39 /* Author+CoreDataClass.swift */,
				33360FBE22872BA300702A39 /* Author+CoreDataProperties.swift */,
				33360FB922872B7400702A39 /* Comment+CoreDataClass.swift */,
				33360FBA22872B7400702A39 /* Comment+CoreDataProperties.swift */,
				33360FB422872B3300702A39 /* Posts+CoreDataClass.swift */,
				33360FB522872B3300702A39 /* Posts+CoreDataProperties.swift */,
			);
			path = Models;
			sourceTree = "<group>";
		};
		3375C1CE22859EA10087E5F1 /* Helpers */ = {
			isa = PBXGroup;
			children = (
				33538EAC230D53DC00CA0D2B /* String Extension.swift */,
				3375C1CF22859EFA0087E5F1 /* ArrayExtension.swift */,
				330CA5B4230EA7DB00037B1F /* UIViewExtension.swift */,
			);
			path = Helpers;
			sourceTree = "<group>";
		};
		3375C1D32285E8520087E5F1 /* PostCell */ = {
			isa = PBXGroup;
			children = (
				3375C1D42285E8BE0087E5F1 /* CollectionViewCell.swift */,
				3375C1D52285E8BE0087E5F1 /* CollectionViewCell.xib */,
			);
			path = PostCell;
			sourceTree = "<group>";
		};
		33BC617A22B52B02002AFEC2 /* ViewsTests */ = {
			isa = PBXGroup;
			children = (
				333FAB7522FB26B800AA3882 /* ContentStateViewControllerTests.swift */,
				337CE23D22DF6404003CA06A /* ContentStateViewModelTests.swift */,
				333FAB6F22F4BDC800AA3882 /* MainCoordinatorTests.swift */,
				33FEB00F22F222860044F14B /* PostsViewControllerTests.swift */,
				337CE24122E22C9F003CA06A /* PostsViewModelTests.swift */,
				333FAB7122F9C11D00AA3882 /* ErrorViewControllerTests.swift */,
				333FAB7322FB16FC00AA3882 /* LoadingViewControllerTests.swift */,
			);
			path = ViewsTests;
			sourceTree = "<group>";
		};
		33DE3C2222856CCE006E5617 = {
			isa = PBXGroup;
			children = (
				33DE3C2D22856CCE006E5617 /* BabylonDemoProject */,
				33DE3C4522856CCF006E5617 /* BabylonDemoProjectTests */,
				33DE3C2C22856CCE006E5617 /* Products */,
			);
			sourceTree = "<group>";
		};
		33DE3C2C22856CCE006E5617 /* Products */ = {
			isa = PBXGroup;
			children = (
				33DE3C2B22856CCE006E5617 /* BabylonDemoProject.app */,
				33DE3C4222856CCF006E5617 /* BabylonDemoProjectTests.xctest */,
			);
			name = Products;
			sourceTree = "<group>";
		};
		33DE3C2D22856CCE006E5617 /* BabylonDemoProject */ = {
			isa = PBXGroup;
			children = (
				33DE3C3222856CCE006E5617 /* Main.storyboard */,
				33FEB00022EF222B0044F14B /* Coordinators */,
				331CFE62230331D000C82315 /* ContentState */,
				331240FF2292DAE600F64F92 /* Posts */,
				3375C1CE22859EA10087E5F1 /* Helpers */,
				33360F922287205B00702A39 /* Persistence */,
				33DE3C5422856D92006E5617 /* APIRequest */,
				33DE3C5122856D3D006E5617 /* SupportingFiles */,
			);
			path = BabylonDemoProject;
			sourceTree = "<group>";
		};
		33DE3C4522856CCF006E5617 /* BabylonDemoProjectTests */ = {
			isa = PBXGroup;
			children = (
				33E4B01022C8FAA6003F86BA /* TestProperties.swift */,
				33F11B1D22C6535D00509355 /* PersistenceTests */,
				33BC617A22B52B02002AFEC2 /* ViewsTests */,
				3375C1C3228570590087E5F1 /* ParseTests.swift */,
				33856CF22289F02000A9881D /* MockAPI.swift */,
				33DE3C4822856CCF006E5617 /* Info.plist */,
				33DE3C6622856DEB006E5617 /* JSONTestData */,
			);
			path = BabylonDemoProjectTests;
			sourceTree = "<group>";
		};
		33DE3C5122856D3D006E5617 /* SupportingFiles */ = {
			isa = PBXGroup;
			children = (
				3375C1C5228570CB0087E5F1 /* Default-568h@2x.png */,
				33DE3C2E22856CCE006E5617 /* AppDelegate.swift */,
				33DE3C3822856CCF006E5617 /* Assets.xcassets */,
				33DE3C3A22856CCF006E5617 /* LaunchScreen.storyboard */,
				33DE3C3D22856CCF006E5617 /* Info.plist */,
			);
			path = SupportingFiles;
			sourceTree = "<group>";
		};
		33DE3C5422856D92006E5617 /* APIRequest */ = {
			isa = PBXGroup;
			children = (
				33DE3C5522856DBE006E5617 /* APIRequest.swift */,
				33DE3C5922856DBE006E5617 /* URLEndpoint.swift */,
				332ED2A5230578C000710501 /* Parse.swift */,
				33DE3C5722856DBE006E5617 /* API.swift */,
				33DE3C5622856DBE006E5617 /* Model.swift */,
				33DE3C5F22856DC9006E5617 /* ModelHelpers */,
			);
			path = APIRequest;
			sourceTree = "<group>";
		};
		33DE3C5F22856DC9006E5617 /* ModelHelpers */ = {
			isa = PBXGroup;
			children = (
				33DE3C6022856DD9006E5617 /* DataSourceError.swift */,
				33DE3C6122856DD9006E5617 /* ModelType.swift */,
			);
			path = ModelHelpers;
			sourceTree = "<group>";
		};
		33DE3C6622856DEB006E5617 /* JSONTestData */ = {
			isa = PBXGroup;
			children = (
				33DE3C6822856E12006E5617 /* Comments.json */,
				33DE3C6922856E12006E5617 /* Authors.json */,
				33DE3C6722856E12006E5617 /* Titles.json */,
			);
			path = JSONTestData;
			sourceTree = "<group>";
		};
		33F11B1D22C6535D00509355 /* PersistenceTests */ = {
			isa = PBXGroup;
			children = (
				33F11B2222C66EE100509355 /* MockPersistentContainer.swift */,
				33F11B1B22C6530700509355 /* StorageManagerTests.swift */,
				33856CEE2289E99B00A9881D /* NetworkManagerTests.swift */,
				3313DC6A22CCBB8F00CD940A /* LoadManagerTests.swift */,
			);
			path = PersistenceTests;
			sourceTree = "<group>";
		};
		33FEB00022EF222B0044F14B /* Coordinators */ = {
			isa = PBXGroup;
			children = (
				33FEB00122EF22580044F14B /* Coordinator.swift */,
				33FEB00322EF352B0044F14B /* Storyboarded.swift */,
				33FEB00522EF385D0044F14B /* MainCoordinator.swift */,
			);
			path = Coordinators;
			sourceTree = "<group>";
		};
/* End PBXGroup section */

/* Begin PBXNativeTarget section */
		33DE3C2A22856CCE006E5617 /* BabylonDemoProject */ = {
			isa = PBXNativeTarget;
			buildConfigurationList = 33DE3C4B22856CCF006E5617 /* Build configuration list for PBXNativeTarget "BabylonDemoProject" */;
			buildPhases = (
				33DE3C2722856CCE006E5617 /* Sources */,
				33DE3C2822856CCE006E5617 /* Frameworks */,
				33DE3C2922856CCE006E5617 /* Resources */,
				33A0120A22B27F4D000338A8 /* ShellScript */,
			);
			buildRules = (
			);
			dependencies = (
			);
			name = BabylonDemoProject;
			productName = BabylonDemoProject;
			productReference = 33DE3C2B22856CCE006E5617 /* BabylonDemoProject.app */;
			productType = "com.apple.product-type.application";
		};
		33DE3C4122856CCF006E5617 /* BabylonDemoProjectTests */ = {
			isa = PBXNativeTarget;
			buildConfigurationList = 33DE3C4E22856CCF006E5617 /* Build configuration list for PBXNativeTarget "BabylonDemoProjectTests" */;
			buildPhases = (
				33DE3C3E22856CCF006E5617 /* Sources */,
				33DE3C3F22856CCF006E5617 /* Frameworks */,
				33DE3C4022856CCF006E5617 /* Resources */,
			);
			buildRules = (
			);
			dependencies = (
				33DE3C4422856CCF006E5617 /* PBXTargetDependency */,
			);
			name = BabylonDemoProjectTests;
			productName = BabylonDemoProjectTests;
			productReference = 33DE3C4222856CCF006E5617 /* BabylonDemoProjectTests.xctest */;
			productType = "com.apple.product-type.bundle.unit-test";
		};
/* End PBXNativeTarget section */

/* Begin PBXProject section */
		33DE3C2322856CCE006E5617 /* Project object */ = {
			isa = PBXProject;
			attributes = {
				LastSwiftUpdateCheck = 1020;
				LastUpgradeCheck = 1020;
				ORGANIZATIONNAME = AKA;
				TargetAttributes = {
					33DE3C2A22856CCE006E5617 = {
						CreatedOnToolsVersion = 10.2.1;
					};
					33DE3C4122856CCF006E5617 = {
						CreatedOnToolsVersion = 10.2.1;
						TestTargetID = 33DE3C2A22856CCE006E5617;
					};
				};
			};
			buildConfigurationList = 33DE3C2622856CCE006E5617 /* Build configuration list for PBXProject "BabylonDemoProject" */;
			compatibilityVersion = "Xcode 9.3";
			developmentRegion = en;
			hasScannedForEncodings = 0;
			knownRegions = (
				en,
				Base,
			);
			mainGroup = 33DE3C2222856CCE006E5617;
			productRefGroup = 33DE3C2C22856CCE006E5617 /* Products */;
			projectDirPath = "";
			projectRoot = "";
			targets = (
				33DE3C2A22856CCE006E5617 /* BabylonDemoProject */,
				33DE3C4122856CCF006E5617 /* BabylonDemoProjectTests */,
			);
		};
/* End PBXProject section */

/* Begin PBXResourcesBuildPhase section */
		33DE3C2922856CCE006E5617 /* Resources */ = {
			isa = PBXResourcesBuildPhase;
			buildActionMask = 2147483647;
			files = (
				33DE3C3C22856CCF006E5617 /* LaunchScreen.storyboard in Resources */,
				3375C1C6228570CB0087E5F1 /* Default-568h@2x.png in Resources */,
				33DE3C3922856CCF006E5617 /* Assets.xcassets in Resources */,
				33DE3C3422856CCE006E5617 /* Main.storyboard in Resources */,
				3375C1D72285E8BE0087E5F1 /* CollectionViewCell.xib in Resources */,
			);
			runOnlyForDeploymentPostprocessing = 0;
		};
		33DE3C4022856CCF006E5617 /* Resources */ = {
			isa = PBXResourcesBuildPhase;
			buildActionMask = 2147483647;
			files = (
				33DE3C6A22856E12006E5617 /* Titles.json in Resources */,
				33DE3C6C22856E12006E5617 /* Authors.json in Resources */,
				33DE3C6B22856E12006E5617 /* Comments.json in Resources */,
			);
			runOnlyForDeploymentPostprocessing = 0;
		};
/* End PBXResourcesBuildPhase section */

/* Begin PBXShellScriptBuildPhase section */
		33A0120A22B27F4D000338A8 /* ShellScript */ = {
			isa = PBXShellScriptBuildPhase;
			buildActionMask = 2147483647;
			files = (
			);
			inputFileListPaths = (
			);
			inputPaths = (
			);
			outputFileListPaths = (
			);
			outputPaths = (
			);
			runOnlyForDeploymentPostprocessing = 0;
			shellPath = /bin/sh;
			shellScript = "if which swiftlint >/dev/null; then\nswiftlint\nelse\necho \"warning: SwiftLint not installed, download from https://github.com/realm/SwiftLint\"\nfi\n";
		};
/* End PBXShellScriptBuildPhase section */

/* Begin PBXSourcesBuildPhase section */
		33DE3C2722856CCE006E5617 /* Sources */ = {
			isa = PBXSourcesBuildPhase;
			buildActionMask = 2147483647;
			files = (
				332ED2A6230578C000710501 /* Parse.swift in Sources */,
				33A97289229443EC0021BBD4 /* ContentStateViewModel.swift in Sources */,
				33DE3C5B22856DBE006E5617 /* Model.swift in Sources */,
				33DE3C6322856DD9006E5617 /* DataSourceError.swift in Sources */,
				3375C1D62285E8BE0087E5F1 /* CollectionViewCell.swift in Sources */,
				33538EAD230D53DC00CA0D2B /* String Extension.swift in Sources */,
				33360FC022872BA300702A39 /* Author+CoreDataProperties.swift in Sources */,
				3375C1D022859EFA0087E5F1 /* ArrayExtension.swift in Sources */,
				33F11B1622C6076400509355 /* StorageManager.swift in Sources */,
				33DE3C3122856CCE006E5617 /* PostsViewController.swift in Sources */,
				33DE3C5A22856DBE006E5617 /* APIRequest.swift in Sources */,
				33DE3C6422856DD9006E5617 /* ModelType.swift in Sources */,
				33360FBB22872B7400702A39 /* Comment+CoreDataClass.swift in Sources */,
				3375C1CA22859A1B0087E5F1 /* ContentStateViewController.swift in Sources */,
				33DE3C3722856CCE006E5617 /* BabylonDemoProject.xcdatamodeld in Sources */,
				33FEB00622EF385D0044F14B /* MainCoordinator.swift in Sources */,
				3375C1CD22859D140087E5F1 /* ErrorViewController.swift in Sources */,
				33360FBC22872B7400702A39 /* Comment+CoreDataProperties.swift in Sources */,
				33F7E7CD228DA2140063B152 /* PostDetailViewController.swift in Sources */,
				33360FC22288A65D00702A39 /* LoadManager.swift in Sources */,
				33360FBF22872BA300702A39 /* Author+CoreDataClass.swift in Sources */,
				33360FB622872B3300702A39 /* Posts+CoreDataClass.swift in Sources */,
				33FEB00422EF352B0044F14B /* Storyboarded.swift in Sources */,
				33DE3C5E22856DBE006E5617 /* URLEndpoint.swift in Sources */,
				330CA5B5230EA7DB00037B1F /* UIViewExtension.swift in Sources */,
				33FEB00222EF22580044F14B /* Coordinator.swift in Sources */,
				33360F962287245200702A39 /* NetworkManager.swift in Sources */,
				33360FB722872B3300702A39 /* Posts+CoreDataProperties.swift in Sources */,
				3375C1D22285B67B0087E5F1 /* PostsViewModel.swift in Sources */,
				33DE3C5C22856DBE006E5617 /* API.swift in Sources */,
				33360F94228720D000702A39 /* PersistenceService.swift in Sources */,
				33DE3C2F22856CCE006E5617 /* AppDelegate.swift in Sources */,
				3375C1C82285994A0087E5F1 /* LoadingViewController.swift in Sources */,
			);
			runOnlyForDeploymentPostprocessing = 0;
		};
		33DE3C3E22856CCF006E5617 /* Sources */ = {
			isa = PBXSourcesBuildPhase;
			buildActionMask = 2147483647;
			files = (
				337CE23E22DF6404003CA06A /* ContentStateViewModelTests.swift in Sources */,
				33F11B2322C66EE100509355 /* MockPersistentContainer.swift in Sources */,
				3313DC6B22CCBB8F00CD940A /* LoadManagerTests.swift in Sources */,
				33856CF32289F02000A9881D /* MockAPI.swift in Sources */,
				333FAB7422FB16FC00AA3882 /* LoadingViewControllerTests.swift in Sources */,
				33856CEF2289E99B00A9881D /* NetworkManagerTests.swift in Sources */,
				333FAB7022F4BDC800AA3882 /* MainCoordinatorTests.swift in Sources */,
				33F11B1822C64FBF00509355 /* BabylonDemoProject.xcdatamodeld in Sources */,
				337CE24222E22C9F003CA06A /* PostsViewModelTests.swift in Sources */,
				33FEB01022F222860044F14B /* PostsViewControllerTests.swift in Sources */,
				33F11B1C22C6530700509355 /* StorageManagerTests.swift in Sources */,
				3375C1C4228570590087E5F1 /* ParseTests.swift in Sources */,
				333FAB7622FB26B800AA3882 /* ContentStateViewControllerTests.swift in Sources */,
				33E4B01122C8FAA6003F86BA /* TestProperties.swift in Sources */,
				333FAB7222F9C11D00AA3882 /* ErrorViewControllerTests.swift in Sources */,
			);
			runOnlyForDeploymentPostprocessing = 0;
		};
/* End PBXSourcesBuildPhase section */

/* Begin PBXTargetDependency section */
		33DE3C4422856CCF006E5617 /* PBXTargetDependency */ = {
			isa = PBXTargetDependency;
			target = 33DE3C2A22856CCE006E5617 /* BabylonDemoProject */;
			targetProxy = 33DE3C4322856CCF006E5617 /* PBXContainerItemProxy */;
		};
/* End PBXTargetDependency section */

/* Begin PBXVariantGroup section */
		33DE3C3222856CCE006E5617 /* Main.storyboard */ = {
			isa = PBXVariantGroup;
			children = (
				33DE3C3322856CCE006E5617 /* Base */,
			);
			name = Main.storyboard;
			sourceTree = "<group>";
		};
		33DE3C3A22856CCF006E5617 /* LaunchScreen.storyboard */ = {
			isa = PBXVariantGroup;
			children = (
				33DE3C3B22856CCF006E5617 /* Base */,
			);
			name = LaunchScreen.storyboard;
			sourceTree = "<group>";
		};
/* End PBXVariantGroup section */

/* Begin XCBuildConfiguration section */
		33DE3C4922856CCF006E5617 /* Debug */ = {
			isa = XCBuildConfiguration;
			buildSettings = {
				ALWAYS_SEARCH_USER_PATHS = NO;
				CLANG_ANALYZER_NONNULL = YES;
				CLANG_ANALYZER_NUMBER_OBJECT_CONVERSION = YES_AGGRESSIVE;
				CLANG_CXX_LANGUAGE_STANDARD = "gnu++14";
				CLANG_CXX_LIBRARY = "libc++";
				CLANG_ENABLE_MODULES = YES;
				CLANG_ENABLE_OBJC_ARC = YES;
				CLANG_ENABLE_OBJC_WEAK = YES;
				CLANG_WARN_BLOCK_CAPTURE_AUTORELEASING = YES;
				CLANG_WARN_BOOL_CONVERSION = YES;
				CLANG_WARN_COMMA = YES;
				CLANG_WARN_CONSTANT_CONVERSION = YES;
				CLANG_WARN_DEPRECATED_OBJC_IMPLEMENTATIONS = YES;
				CLANG_WARN_DIRECT_OBJC_ISA_USAGE = YES_ERROR;
				CLANG_WARN_DOCUMENTATION_COMMENTS = YES;
				CLANG_WARN_EMPTY_BODY = YES;
				CLANG_WARN_ENUM_CONVERSION = YES;
				CLANG_WARN_INFINITE_RECURSION = YES;
				CLANG_WARN_INT_CONVERSION = YES;
				CLANG_WARN_NON_LITERAL_NULL_CONVERSION = YES;
				CLANG_WARN_OBJC_IMPLICIT_RETAIN_SELF = YES;
				CLANG_WARN_OBJC_LITERAL_CONVERSION = YES;
				CLANG_WARN_OBJC_ROOT_CLASS = YES_ERROR;
				CLANG_WARN_RANGE_LOOP_ANALYSIS = YES;
				CLANG_WARN_STRICT_PROTOTYPES = YES;
				CLANG_WARN_SUSPICIOUS_MOVE = YES;
				CLANG_WARN_UNGUARDED_AVAILABILITY = YES_AGGRESSIVE;
				CLANG_WARN_UNREACHABLE_CODE = YES;
				CLANG_WARN__DUPLICATE_METHOD_MATCH = YES;
				CODE_SIGN_IDENTITY = "iPhone Developer";
				COPY_PHASE_STRIP = NO;
				DEBUG_INFORMATION_FORMAT = dwarf;
				ENABLE_STRICT_OBJC_MSGSEND = YES;
				ENABLE_TESTABILITY = YES;
				GCC_C_LANGUAGE_STANDARD = gnu11;
				GCC_DYNAMIC_NO_PIC = NO;
				GCC_NO_COMMON_BLOCKS = YES;
				GCC_OPTIMIZATION_LEVEL = 0;
				GCC_PREPROCESSOR_DEFINITIONS = (
					"DEBUG=1",
					"$(inherited)",
				);
				GCC_WARN_64_TO_32_BIT_CONVERSION = YES;
				GCC_WARN_ABOUT_RETURN_TYPE = YES_ERROR;
				GCC_WARN_UNDECLARED_SELECTOR = YES;
				GCC_WARN_UNINITIALIZED_AUTOS = YES_AGGRESSIVE;
				GCC_WARN_UNUSED_FUNCTION = YES;
				GCC_WARN_UNUSED_VARIABLE = YES;
				IPHONEOS_DEPLOYMENT_TARGET = 12.2;
				MTL_ENABLE_DEBUG_INFO = INCLUDE_SOURCE;
				MTL_FAST_MATH = YES;
				ONLY_ACTIVE_ARCH = YES;
				SDKROOT = iphoneos;
				SWIFT_ACTIVE_COMPILATION_CONDITIONS = DEBUG;
				SWIFT_OPTIMIZATION_LEVEL = "-Onone";
			};
			name = Debug;
		};
		33DE3C4A22856CCF006E5617 /* Release */ = {
			isa = XCBuildConfiguration;
			buildSettings = {
				ALWAYS_SEARCH_USER_PATHS = NO;
				CLANG_ANALYZER_NONNULL = YES;
				CLANG_ANALYZER_NUMBER_OBJECT_CONVERSION = YES_AGGRESSIVE;
				CLANG_CXX_LANGUAGE_STANDARD = "gnu++14";
				CLANG_CXX_LIBRARY = "libc++";
				CLANG_ENABLE_MODULES = YES;
				CLANG_ENABLE_OBJC_ARC = YES;
				CLANG_ENABLE_OBJC_WEAK = YES;
				CLANG_WARN_BLOCK_CAPTURE_AUTORELEASING = YES;
				CLANG_WARN_BOOL_CONVERSION = YES;
				CLANG_WARN_COMMA = YES;
				CLANG_WARN_CONSTANT_CONVERSION = YES;
				CLANG_WARN_DEPRECATED_OBJC_IMPLEMENTATIONS = YES;
				CLANG_WARN_DIRECT_OBJC_ISA_USAGE = YES_ERROR;
				CLANG_WARN_DOCUMENTATION_COMMENTS = YES;
				CLANG_WARN_EMPTY_BODY = YES;
				CLANG_WARN_ENUM_CONVERSION = YES;
				CLANG_WARN_INFINITE_RECURSION = YES;
				CLANG_WARN_INT_CONVERSION = YES;
				CLANG_WARN_NON_LITERAL_NULL_CONVERSION = YES;
				CLANG_WARN_OBJC_IMPLICIT_RETAIN_SELF = YES;
				CLANG_WARN_OBJC_LITERAL_CONVERSION = YES;
				CLANG_WARN_OBJC_ROOT_CLASS = YES_ERROR;
				CLANG_WARN_RANGE_LOOP_ANALYSIS = YES;
				CLANG_WARN_STRICT_PROTOTYPES = YES;
				CLANG_WARN_SUSPICIOUS_MOVE = YES;
				CLANG_WARN_UNGUARDED_AVAILABILITY = YES_AGGRESSIVE;
				CLANG_WARN_UNREACHABLE_CODE = YES;
				CLANG_WARN__DUPLICATE_METHOD_MATCH = YES;
				CODE_SIGN_IDENTITY = "iPhone Developer";
				COPY_PHASE_STRIP = NO;
				DEBUG_INFORMATION_FORMAT = "dwarf-with-dsym";
				ENABLE_NS_ASSERTIONS = NO;
				ENABLE_STRICT_OBJC_MSGSEND = YES;
				GCC_C_LANGUAGE_STANDARD = gnu11;
				GCC_NO_COMMON_BLOCKS = YES;
				GCC_WARN_64_TO_32_BIT_CONVERSION = YES;
				GCC_WARN_ABOUT_RETURN_TYPE = YES_ERROR;
				GCC_WARN_UNDECLARED_SELECTOR = YES;
				GCC_WARN_UNINITIALIZED_AUTOS = YES_AGGRESSIVE;
				GCC_WARN_UNUSED_FUNCTION = YES;
				GCC_WARN_UNUSED_VARIABLE = YES;
				IPHONEOS_DEPLOYMENT_TARGET = 12.2;
				MTL_ENABLE_DEBUG_INFO = NO;
				MTL_FAST_MATH = YES;
				SDKROOT = iphoneos;
				SWIFT_COMPILATION_MODE = wholemodule;
				SWIFT_OPTIMIZATION_LEVEL = "-O";
				VALIDATE_PRODUCT = YES;
			};
			name = Release;
		};
		33DE3C4C22856CCF006E5617 /* Debug */ = {
			isa = XCBuildConfiguration;
			buildSettings = {
				ASSETCATALOG_COMPILER_APPICON_NAME = AppIcon;
				CODE_SIGN_STYLE = Automatic;
				DEVELOPMENT_TEAM = K7VRVBX4U9;
				INFOPLIST_FILE = "$(SRCROOT)/BabylonDemoProject/SupportingFiles/Info.plist";
				LD_RUNPATH_SEARCH_PATHS = (
					"$(inherited)",
					"@executable_path/Frameworks",
				);
				PRODUCT_BUNDLE_IDENTIFIER = uk.co.akunle.BabylonDemoProject;
				PRODUCT_NAME = "$(TARGET_NAME)";
				SWIFT_VERSION = 5.0;
				TARGETED_DEVICE_FAMILY = "1,2";
			};
			name = Debug;
		};
		33DE3C4D22856CCF006E5617 /* Release */ = {
			isa = XCBuildConfiguration;
			buildSettings = {
				ASSETCATALOG_COMPILER_APPICON_NAME = AppIcon;
				CODE_SIGN_STYLE = Automatic;
				DEVELOPMENT_TEAM = K7VRVBX4U9;
				INFOPLIST_FILE = "$(SRCROOT)/BabylonDemoProject/SupportingFiles/Info.plist";
				LD_RUNPATH_SEARCH_PATHS = (
					"$(inherited)",
					"@executable_path/Frameworks",
				);
				PRODUCT_BUNDLE_IDENTIFIER = uk.co.akunle.BabylonDemoProject;
				PRODUCT_NAME = "$(TARGET_NAME)";
				SWIFT_VERSION = 5.0;
				TARGETED_DEVICE_FAMILY = "1,2";
			};
			name = Release;
		};
		33DE3C4F22856CCF006E5617 /* Debug */ = {
			isa = XCBuildConfiguration;
			buildSettings = {
				ALWAYS_EMBED_SWIFT_STANDARD_LIBRARIES = YES;
				BUNDLE_LOADER = "$(TEST_HOST)";
				CODE_SIGN_STYLE = Automatic;
				DEVELOPMENT_TEAM = K7VRVBX4U9;
				INFOPLIST_FILE = BabylonDemoProjectTests/Info.plist;
				LD_RUNPATH_SEARCH_PATHS = (
					"$(inherited)",
					"@executable_path/Frameworks",
					"@loader_path/Frameworks",
				);
				PRODUCT_BUNDLE_IDENTIFIER = uk.co.akunle.BabylonDemoProjectTests;
				PRODUCT_NAME = "$(TARGET_NAME)";
				SWIFT_VERSION = 5.0;
				TARGETED_DEVICE_FAMILY = "1,2";
				TEST_HOST = "$(BUILT_PRODUCTS_DIR)/BabylonDemoProject.app/BabylonDemoProject";
			};
			name = Debug;
		};
		33DE3C5022856CCF006E5617 /* Release */ = {
			isa = XCBuildConfiguration;
			buildSettings = {
				ALWAYS_EMBED_SWIFT_STANDARD_LIBRARIES = YES;
				BUNDLE_LOADER = "$(TEST_HOST)";
				CODE_SIGN_STYLE = Automatic;
				DEVELOPMENT_TEAM = K7VRVBX4U9;
				INFOPLIST_FILE = BabylonDemoProjectTests/Info.plist;
				LD_RUNPATH_SEARCH_PATHS = (
					"$(inherited)",
					"@executable_path/Frameworks",
					"@loader_path/Frameworks",
				);
				PRODUCT_BUNDLE_IDENTIFIER = uk.co.akunle.BabylonDemoProjectTests;
				PRODUCT_NAME = "$(TARGET_NAME)";
				SWIFT_VERSION = 5.0;
				TARGETED_DEVICE_FAMILY = "1,2";
				TEST_HOST = "$(BUILT_PRODUCTS_DIR)/BabylonDemoProject.app/BabylonDemoProject";
			};
			name = Release;
		};
/* End XCBuildConfiguration section */

/* Begin XCConfigurationList section */
		33DE3C2622856CCE006E5617 /* Build configuration list for PBXProject "BabylonDemoProject" */ = {
			isa = XCConfigurationList;
			buildConfigurations = (
				33DE3C4922856CCF006E5617 /* Debug */,
				33DE3C4A22856CCF006E5617 /* Release */,
			);
			defaultConfigurationIsVisible = 0;
			defaultConfigurationName = Release;
		};
		33DE3C4B22856CCF006E5617 /* Build configuration list for PBXNativeTarget "BabylonDemoProject" */ = {
			isa = XCConfigurationList;
			buildConfigurations = (
				33DE3C4C22856CCF006E5617 /* Debug */,
				33DE3C4D22856CCF006E5617 /* Release */,
			);
			defaultConfigurationIsVisible = 0;
			defaultConfigurationName = Release;
		};
		33DE3C4E22856CCF006E5617 /* Build configuration list for PBXNativeTarget "BabylonDemoProjectTests" */ = {
			isa = XCConfigurationList;
			buildConfigurations = (
				33DE3C4F22856CCF006E5617 /* Debug */,
				33DE3C5022856CCF006E5617 /* Release */,
			);
			defaultConfigurationIsVisible = 0;
			defaultConfigurationName = Release;
		};
/* End XCConfigurationList section */

/* Begin XCVersionGroup section */
		33DE3C3522856CCE006E5617 /* BabylonDemoProject.xcdatamodeld */ = {
			isa = XCVersionGroup;
			children = (
				33DE3C3622856CCE006E5617 /* BabylonDemoProject.xcdatamodel */,
			);
			currentVersion = 33DE3C3622856CCE006E5617 /* BabylonDemoProject.xcdatamodel */;
			path = BabylonDemoProject.xcdatamodeld;
			sourceTree = "<group>";
			versionGroupType = wrapper.xcdatamodel;
		};
/* End XCVersionGroup section */
	};
	rootObject = 33DE3C2322856CCE006E5617 /* Project object */;
}
